
Microsoft Visual Studio Solution File, Format Version 12.00
# Visual Studio Version 17
VisualStudioVersion = 17.2.32630.192
MinimumVisualStudioVersion = 10.0.40219.1
Project("{FAE04EC0-301F-11D3-BF4B-00C04F79EFBC}") = "navegador", "navegador\navegador.csproj", "{56414DF9-2E89-40B9-8377-5F6D53311CEE}"
EndProject
Global
	GlobalSection(SolutionConfigurationPlatforms) = preSolution
		Debug|Any CPU = Debug|Any CPU
		Release|Any CPU = Release|Any CPU
	EndGlobalSection
	GlobalSection(ProjectConfigurationPlatforms) = postSolution
		{56414DF9-2E89-40B9-8377-5F6D53311CEE}.Debug|Any CPU.ActiveCfg = Debug|Any CPU
		{56414DF9-2E89-40B9-8377-5F6D53311CEE}.Debug|Any CPU.Build.0 = Debug|Any CPU
		{56414DF9-2E89-40B9-8377-5F6D53311CEE}.Release|Any CPU.ActiveCfg = Release|Any CPU
		{56414DF9-2E89-40B9-8377-5F6D53311CEE}.Release|Any CPU.Build.0 = Release|Any CPU
	EndGlobalSection
	GlobalSection(SolutionProperties) = preSolution
		HideSolutionNode = FALSE
	EndGlobalSection
	GlobalSection(ExtensibilityGlobals) = postSolution
		SolutionGuid = {8B333CB4-D70C-44EB-902E-9F84FF47C2CB}
	EndGlobalSection
EndGlobal
